
Microsoft Visual Studio Solution File, Format Version 12.00
# Visual Studio Version 16
VisualStudioVersion = 16.0.30204.135
MinimumVisualStudioVersion = 10.0.40219.1
Project("{FAE04EC0-301F-11D3-BF4B-00C04F79EFBC}") = "4K Game Launcher", "4K Game Launcher.csproj", "{750606E8-CE9D-4C3E-BA44-CE0AB4EB1ECB}"
EndProject
Global
	GlobalSection(SolutionConfigurationPlatforms) = preSolution
		Debug|Any CPU = Debug|Any CPU
		Release|Any CPU = Release|Any CPU
	EndGlobalSection
	GlobalSection(ProjectConfigurationPlatforms) = postSolution
		{750606E8-CE9D-4C3E-BA44-CE0AB4EB1ECB}.Debug|Any CPU.ActiveCfg = Debug|Any CPU
		{750606E8-CE9D-4C3E-BA44-CE0AB4EB1ECB}.Debug|Any CPU.Build.0 = Debug|Any CPU
		{750606E8-CE9D-4C3E-BA44-CE0AB4EB1ECB}.Release|Any CPU.ActiveCfg = Release|Any CPU
		{750606E8-CE9D-4C3E-BA44-CE0AB4EB1ECB}.Release|Any CPU.Build.0 = Release|Any CPU
	EndGlobalSection
	GlobalSection(SolutionProperties) = preSolution
		HideSolutionNode = FALSE
	EndGlobalSection
	GlobalSection(ExtensibilityGlobals) = postSolution
		SolutionGuid = {B95C8C51-F9EB-4732-9A5B-B995117A334C}
	EndGlobalSection
EndGlobal
